
Microsoft Visual Studio Solution File, Format Version 12.00
# Visual Studio Version 17
VisualStudioVersion = 17.6.33829.357
MinimumVisualStudioVersion = 10.0.40219.1
Project("{9A19103F-16F7-4668-BE54-9A1E7A4F7556}") = "CircuitBreaker.Client", "CircuitBreaker.Client\CircuitBreaker.Client.csproj", "{486E53CE-89E9-425F-9A93-96C7CD960E91}"
EndProject
Project("{9A19103F-16F7-4668-BE54-9A1E7A4F7556}") = "CircuitBreaker.Server", "CircuitBreaker.Server\CircuitBreaker.Server.csproj", "{20B07E2B-4D17-440B-963E-89E4989C27FA}"
EndProject
Project("{9A19103F-16F7-4668-BE54-9A1E7A4F7556}") = "CircuitBreaker.Model", "CircuitBreaker.Model\CircuitBreaker.Model.csproj", "{98B22258-1D9A-4DCC-BC09-D61AF82DED53}"
EndProject
Global
	GlobalSection(SolutionConfigurationPlatforms) = preSolution
		Debug|Any CPU = Debug|Any CPU
		Release|Any CPU = Release|Any CPU
	EndGlobalSection
	GlobalSection(ProjectConfigurationPlatforms) = postSolution
		{486E53CE-89E9-425F-9A93-96C7CD960E91}.Debug|Any CPU.ActiveCfg = Debug|Any CPU
		{486E53CE-89E9-425F-9A93-96C7CD960E91}.Debug|Any CPU.Build.0 = Debug|Any CPU
		{486E53CE-89E9-425F-9A93-96C7CD960E91}.Release|Any CPU.ActiveCfg = Release|Any CPU
		{486E53CE-89E9-425F-9A93-96C7CD960E91}.Release|Any CPU.Build.0 = Release|Any CPU
		{20B07E2B-4D17-440B-963E-89E4989C27FA}.Debug|Any CPU.ActiveCfg = Debug|Any CPU
		{20B07E2B-4D17-440B-963E-89E4989C27FA}.Debug|Any CPU.Build.0 = Debug|Any CPU
		{20B07E2B-4D17-440B-963E-89E4989C27FA}.Release|Any CPU.ActiveCfg = Release|Any CPU
		{20B07E2B-4D17-440B-963E-89E4989C27FA}.Release|Any CPU.Build.0 = Release|Any CPU
		{98B22258-1D9A-4DCC-BC09-D61AF82DED53}.Debug|Any CPU.ActiveCfg = Debug|Any CPU
		{98B22258-1D9A-4DCC-BC09-D61AF82DED53}.Debug|Any CPU.Build.0 = Debug|Any CPU
		{98B22258-1D9A-4DCC-BC09-D61AF82DED53}.Release|Any CPU.ActiveCfg = Release|Any CPU
		{98B22258-1D9A-4DCC-BC09-D61AF82DED53}.Release|Any CPU.Build.0 = Release|Any CPU
	EndGlobalSection
	GlobalSection(SolutionProperties) = preSolution
		HideSolutionNode = FALSE
	EndGlobalSection
	GlobalSection(ExtensibilityGlobals) = postSolution
		SolutionGuid = {A5A0E1D3-13CE-486E-AB59-C4259F1D5485}
	EndGlobalSection
EndGlobal
